name: ublock
list:

  # generated by scripts/misc/get_ublock_filterlist_sources.py

  # - name: ublock-badlists
  #   aliases: []
  #   url: https://ublockorigin.github.io/uAssetsCDN/filters/badlists.txt
    

  - name: ublock-filters
    aliases: [uBlock filters – Ads]
    url: https://ublockorigin.github.io/uAssetsCDN/filters/filters.min.txt
    version_control:
      repo: uBlockOrigin/uAssetsCDN
      files: [
        filters/filters.min.txt
      ]

  - name: ublock-badware
    aliases: [uBlock filters – Badware risks]
    url: https://ublockorigin.github.io/uAssetsCDN/filters/badware.min.txt
    version_control:
      repo: uBlockOrigin/uAssetsCDN
      files: [
        filters/badware.min.txt
      ]


  - name: ublock-privacy
    aliases: [uBlock filters – Privacy]
    url: https://ublockorigin.github.io/uAssetsCDN/filters/privacy.min.txt
    version_control:
      repo: uBlockOrigin/uAssetsCDN
      files: [
        filters/privacy.min.txt
      ]

  - name: ublock-unbreak
    aliases: [uBlock filters – Unbreak]
    url: https://ublockorigin.github.io/uAssetsCDN/filters/unbreak.min.txt
    version_control:
      repo: uBlockOrigin/uAssetsCDN
      files: [
        filters/unbreak.min.txt
      ]

  - name: ublock-quick-fixes
    aliases: [uBlock filters – Quick fixes]
    url: https://ublockorigin.github.io/uAssetsCDN/filters/quick-fixes.min.txt
    version_control:
      repo: uBlockOrigin/uAssetsCDN
      files: [
        filters/quick-fixes.min.txt
      ]

  - name: adguard-generic
    aliases: [AdGuard – Ads]
    url: https://filters.adtidy.org/extension/ublock/filters/2_without_easylist.txt
    # no versioning because compiled with patch
    # approximation with original
    version_control:
      repo: AdguardTeam/FiltersRegistry
      files: [
        platforms/extension/ublock/filters/2_without_easylist.txt
      ]

  - name: adguard-mobile
    aliases: [AdGuard – Mobile Ads]
    url: https://filters.adtidy.org/extension/ublock/filters/11.txt
    # no versioning because compiled with patch
    # approximation with original
    version_control:
      repo: AdguardTeam/FiltersRegistry
      files: [
        platforms/extension/ublock/filters/11.txt
      ]

  - name: easylist
    aliases: [EasyList]
    url: https://cdn.jsdelivr.net/gh/uBlockOrigin/uAssetsCDN@main/thirdparties/easylist.txt
    version_control:
      repo: uBlockOrigin/uAssetsCDN
      branch: main
      files: [
        thirdparties/easylist.txt
      ]

  - name: adguard-spyware-url
    aliases: [AdGuard URL Tracking Protection]
    url: https://filters.adtidy.org/extension/ublock/filters/17.txt
    version_control:
      repo: AdguardTeam/FiltersRegistry
      files: [
        platforms/extension/ublock/filters/17.txt
      ]
    

  - name: adguard-spyware
    aliases: [AdGuard Tracking Protection]
    url: https://filters.adtidy.org/extension/ublock/filters/3.txt
    version_control:
      repo: AdguardTeam/FiltersRegistry
      files: [
        platforms/extension/ublock/filters/3.txt
      ]

  - name: block-lan
    aliases: [Block Outsider Intrusion into LAN]
    url: https://ublockorigin.github.io/uAssetsCDN/filters/lan-block.txt
    version_control:
      repo: uBlockOrigin/uAssets
      files: [
        filters/lan-block.txt
      ]

  - name: easyprivacy
    aliases: [EasyPrivacy]
    url: https://cdn.jsdelivr.net/gh/uBlockOrigin/uAssetsCDN@main/thirdparties/easyprivacy.txt
    version_control:
      repo: thedoggybrad/easylist-mirror
      branch: main
      files: [
        easyprivacy.txt
      ]

  - name: urlhaus-1
    aliases: [Online Malicious URL Blocklist]
    url: https://curbengh.github.io/malware-filter/urlhaus-filter-ag-online.txt
    # no version control
    # dynamic list

  - name: curben-phishing
    aliases: [Phishing URL Blocklist]
    url: https://curbengh.github.io/phishing-filter/phishing-filter.txt
    # no version control
    # dynamic list

  - name: adguard-cookies
    aliases: [AdGuard – Cookie Notices]
    url: https://filters.adtidy.org/extension/ublock/filters/18.txt
    # no versioning because compiled with patch
    # approximation with original
    version_control:
      repo: AdguardTeam/FiltersRegistry
      files: [
        platforms/extension/ublock/filters/18.txt
      ]

  - name: ublock-cookies-adguard
    aliases: [uBlock filters – Cookie Notices]
    url: https://ublockorigin.github.io/uAssetsCDN/filters/annoyances-cookies.txt
    version_control:
      repo: uBlockOrigin/uAssets
      files: [
        filters/annoyances-cookies.txt
      ]

  - name: fanboy-cookiemonster
    aliases: [EasyList – Cookie Notices]
    url: https://ublockorigin.github.io/uAssetsCDN/thirdparties/easylist-cookies.txt
    version_control:
      repo: uBlockOrigin/uAssets
      files: [
        thirdparties/easylist/easylist-cookies.txt
      ]

  # same as ublock-cookies-adguard but added since some users might use this
  # DEV: can move to an alias but would need to repeat analysis. Not problematic.
  - name: ublock-cookies-easylist
    aliases: [uBlock filters – Cookie Notices]
    url: https://ublockorigin.github.io/uAssetsCDN/filters/annoyances-cookies.txt
    version_control:
      repo: uBlockOrigin/uAssets
      files: [
        filters/annoyances-cookies.txt
      ]

  - name: adguard-social
    aliases: [AdGuard – Social Widgets]
    url: https://filters.adtidy.org/extension/ublock/filters/4.txt
    # no versioning because compiled with patch
    # approximation with original
    version_control:
      repo: AdguardTeam/FiltersRegistry
      files: [
        platforms/extension/ublock/filters/4.txt
      ]

  - name: fanboy-social
    aliases: [EasyList – Social Widgets]
    url: https://ublockorigin.github.io/uAssetsCDN/thirdparties/easylist-social.txt
    version_control:
      repo: uBlockOrigin/uAssetsCDN
      files: [
        thirdparties/easylist-social.txt
      ]

  - name: fanboy-thirdparty_social
    aliases: [Fanboy – Anti-Facebook]
    url: https://secure.fanboy.co.nz/fanboy-antifacebook.txt
    version_control:
      repo: ryanbr/fanboy-adblock
      files: [
        fanboy-antifacebook.txt
      ]

  - name: adguard-popup-overlays
    aliases: [AdGuard – Popup Overlays]
    url: https://filters.adtidy.org/extension/ublock/filters/19.txt
    # no versioning because compiled with patch
    # approximation with original
    version_control:
      repo: AdguardTeam/FiltersRegistry
      files: [
        platforms/extension/ublock/filters/19.txt
      ]

  - name: adguard-mobile-app-banners
    aliases: [AdGuard – Mobile App Banners]
    url: https://filters.adtidy.org/extension/ublock/filters/20.txt
    version_control:
      repo: AdguardTeam/FiltersRegistry
      files: [
        platforms/extension/ublock/filters/20.txt
      ]

  - name: adguard-other-annoyances
    aliases: [AdGuard – Other Annoyances]
    url: https://filters.adtidy.org/extension/ublock/filters/21.txt
    version_control:
      repo: AdguardTeam/FiltersRegistry
      files: [
        platforms/extension/ublock/filters/21.txt
      ]

  - name: adguard-widgets
    aliases: [AdGuard – Widgets]
    url: https://filters.adtidy.org/extension/ublock/filters/22.txt
    version_control:
      repo: AdguardTeam/FiltersRegistry
      files: [
        platforms/extension/ublock/filters/22.txt
      ]

  - name: easylist-annoyances
    aliases: [EasyList – Other Annoyances]
    url: https://ublockorigin.github.io/uAssetsCDN/thirdparties/easylist-annoyances.txt
    version_control:
      repo: uBlockOrigin/uAssetsCDN
      files: [
        thirdparties/easylist-annoyances.txt
      ]

  - name: easylist-chat
    aliases: [EasyList – Chat Widgets]
    url: https://ublockorigin.github.io/uAssetsCDN/thirdparties/easylist-chat.txt
    version_control:
      repo: uBlockOrigin/uAssetsCDN
      files: [
        thirdparties/easylist-chat.txt
      ]

  - name: easylist-newsletters
    aliases: [EasyList – Newsletter Notices]
    url: https://ublockorigin.github.io/uAssetsCDN/thirdparties/easylist-newsletters.txt
    version_control:
      repo: uBlockOrigin/uAssetsCDN
      files: [
        thirdparties/easylist-newsletters.txt
      ]

  - name: easylist-notifications
    aliases: [EasyList – Notifications]
    url: https://ublockorigin.github.io/uAssetsCDN/thirdparties/easylist-notifications.txt
    version_control:
      repo: uBlockOrigin/uAssetsCDN
      files: [
        thirdparties/easylist-notifications.txt
      ]

  - name: ublock-annoyances
    aliases: [uBlock filters – Annoyances]
    url: https://ublockorigin.github.io/uAssetsCDN/filters/annoyances.min.txt
    version_control:
      repo: uBlockOrigin/uAssetsCDN
      files: [
        filters/annoyances.min.txt
      ]

  - name: dpollock-0
    aliases: [Dan Pollock’s hosts file]
    url: https://someonewhocares.org/hosts/hosts
    # no version control

  - name: plowe-0
    aliases: [Peter Lowe’s Ad and tracking server list]
    url: https://pgl.yoyo.org/adservers/serverlist.php?hostformat=hosts&showintro=1&mimetype=plaintext
    # no version control

  - name: ALB-0
    aliases: ['🇦🇱al 🇽🇰xk: Adblock List for Albania']
    url: https://raw.githubusercontent.com/AnXh3L0/blocklist/master/albanian-easylist-addition/Albania.txt
    

  - name: ara-0
    aliases: ['🇪🇬eg 🇸🇦sa 🇲🇦ma 🇩🇿dz: Liste AR']
    url: https://easylist-downloads.adblockplus.org/Liste_AR.txt
    version_control:
      repo: thedoggybrad/easylist-mirror
      branch: main
      files: [
        Liste_AR.txt
      ] 

  - name: BGR-0
    aliases: ['🇧🇬bg: Bulgarian Adblock list']
    url: https://stanev.org/abp/adblock_bg.txt
    version_control:
      repo: thedoggybrad/easylist-mirror
      branch: main
      files: [
        adblock_bg.txt
      ]

  - name: CHN-0
    aliases: ['🇨🇳cn 🇹🇼tw: AdGuard Chinese (中文)']
    url: https://filters.adtidy.org/extension/ublock/filters/224.txt
    version_control:
      repo: AdguardTeam/FiltersRegistry
      files: [
        platforms/extension/ublock/filters/224.txt
      ]

  - name: CZE-0
    aliases: ['🇨🇿cz 🇸🇰sk: EasyList Czech and Slovak']
    url: https://raw.githubusercontent.com/tomasko126/easylistczechandslovak/master/filters.txt
    version_control:
      repo: thedoggybrad/easylist-mirror
      branch: main
      files: [
        easylistczechandslovak.txt
      ]

  - name: DEU-0
    aliases: ['🇩🇪de 🇨🇭ch 🇦🇹at: EasyList Germany']
    url: https://easylist.to/easylistgermany/easylistgermany.txt
    version_control:
      repo: thedoggybrad/easylist-mirror
      branch: main
      files: [
        easylistgermany.txt
      ]

  - name: EST-0
    aliases: ['🇪🇪ee: Eesti saitidele kohandatud filter']
    url: https://adblock.ee/list.php
    # didn't find a suitable version control
    # version_control:
    #   repo: AdguardTeam/FiltersRegistry
    #   files: [
    #     platforms/extension/ublock/filters/218.txt
    #   ]

  - name: FIN-0
    aliases: ['🇫🇮fi: Adblock List for Finland']
    url: https://raw.githubusercontent.com/finnish-easylist-addition/finnish-easylist-addition/gh-pages/Finland_adb.txt


  - name: FRA-0
    aliases: ['🇫🇷fr 🇨🇦ca: AdGuard Français']
    url: https://filters.adtidy.org/extension/ublock/filters/16.txt
    version_control:
      repo: AdguardTeam/FiltersRegistry
      files: [
        platforms/extension/ublock/filters/16.txt
      ]

  - name: GRC-0
    aliases: ['🇬🇷gr 🇨🇾cy: Greek AdBlock Filter']
    url: https://www.void.gr/kargig/void-gr-filters.txt
    version_control:
      repo: kargig/greek-adblockplus-filter
      files: [
        void-gr-filters.txt
      ]

  - name: HRV-0
    aliases: ["🇭🇷hr 🇷🇸rs: Dandelion Sprout's Serbo-Croatian filters"]
    url: https://raw.githubusercontent.com/DandelionSprout/adfilt/master/SerboCroatianList.txt

  - name: HUN-0
    aliases: ['🇭🇺hu: hufilter']
    url: https://cdn.jsdelivr.net/gh/hufilter/hufilter@gh-pages/hufilter-ublock.txt

  - name: IDN-0
    aliases: ['🇮🇩id 🇲🇾my: ABPindo']
    url: https://raw.githubusercontent.com/ABPindo/indonesianadblockrules/master/subscriptions/abpindo.txt
    

  - name: IND-0
    aliases: ['🇮🇳in 🇱🇰lk 🇳🇵np: IndianList']
    url: https://easylist-downloads.adblockplus.org/indianlist.txt
    version_control:
      repo: thedoggybrad/easylist-mirror
      branch: main
      files: [
        indianlist.txt
      ]

  - name: IRN-0
    aliases: ['🇮🇷ir: PersianBlocker']
    url: https://cdn.jsdelivr.net/gh/MasterKia/PersianBlocker@main/PersianBlocker.txt
    version_control:
      repo: MasterKia/PersianBlocker
      branch: main
      files: [
        PersianBlocker.txt
      ]

  - name: ISL-0
    aliases: ['🇮🇸is: Icelandic ABP List']
    url: https://adblock.gardar.net/is.abp.txt
    # no version control

  - name: ISR-0
    aliases: ['🇮🇱il: EasyList Hebrew']
    url: https://raw.githubusercontent.com/easylist/EasyListHebrew/master/EasyListHebrew.txt
    version_control:
      repo: thedoggybrad/easylist-mirror
      branch: main
      files: [
        EasyListHebrew.txt
      ]

  - name: ITA-0
    aliases: ['🇮🇹it: EasyList Italy']
    url: https://easylist-downloads.adblockplus.org/easylistitaly.txt
    version_control:
      repo: thedoggybrad/easylist-mirror
      branch: main
      files: [
        easylistitaly.txt
      ]

  - name: JPN-1
    aliases: ['🇯🇵jp: AdGuard Japanese']
    url: https://filters.adtidy.org/extension/ublock/filters/7.txt
    version_control:
      repo: AdguardTeam/FiltersRegistry
      files: [
        platforms/extension/ublock/filters/7.txt
      ]

  - name: KOR-1
    aliases: ['🇰🇷kr: List-KR']
    url: https://cdn.jsdelivr.net/gh/List-KR/List-KR@latest/filter-uBlockOrigin.txt
    version_control:
      repo: List-KR/List-KR
      files: [
        filter-uBlockOrigin.txt
      ]

  - name: LTU-0
    aliases: ['🇱🇹lt: EasyList Lithuania']
    url: https://cdn.jsdelivr.net/gh/EasyList-Lithuania/easylist_lithuania@master/easylistlithuania.txt
    version_control:
      repo: EasyList-Lithuania/easylist_lithuania
      files: [
        easylistlithuania.txt
      ]

  - name: LVA-0
    aliases: ['🇱🇻lv: Latvian List']
    url: https://raw.githubusercontent.com/Latvian-List/adblock-latvian/master/lists/latvian-list.txt
    version_control:
      repo: Latvian-List/adblock-latvian
      files: [
        lists/latvian-list.txt
      ]

  - name: MKD-0
    aliases: ['🇲🇰mk: Macedonian adBlock Filters']
    url: https://raw.githubusercontent.com/DeepSpaceHarbor/Macedonian-adBlock-Filters/master/Filters

  - name: NLD-0
    aliases: ['🇳🇱nl 🇧🇪be: EasyDutch']
    url: https://easydutch-ubo.github.io/EasyDutch/EasyDutch.all.txt
    version_control:
      repo: EasyDutch-uBO/EasyDutchCDN
      files: [
        EasyDutch.all.txt
      ]

  - name: NOR-0
    aliases: ['🇳🇴no 🇩🇰dk 🇮🇸is: Dandelion Sprouts nordiske filtre']
    url: https://cdn.jsdelivr.net/gh/DandelionSprout/adfilt@master/NorwegianList.txt
    version_control:
      repo: DandelionSprout/adfilt
      files: [
        NorwegianList.txt
      ]

  - name: POL-0
    aliases: ['🇵🇱pl: Oficjalne Polskie Filtry do uBlocka Origin']
    url: https://raw.githubusercontent.com/MajkiIT/polish-ads-filter/master/polish-adblock-filters/adblock.txt
    

  - name: POL-2
    aliases: ['🇵🇱pl: Oficjalne polskie filtry przeciwko alertom o Adblocku']
    url: https://raw.githubusercontent.com/olegwukr/polish-privacy-filters/master/anti-adblock.txt
    

  - name: ROU-1
    aliases: ['🇷🇴ro 🇲🇩md: Romanian Ad (ROad) Block List Light']
    url: https://raw.githubusercontent.com/tcptomato/ROad-Block/master/road-block-filters-light.txt
    

  - name: RUS-0
    aliases: ['🇷🇺ru 🇺🇦ua 🇺🇿uz 🇰🇿kz: RU AdList']
    url: https://cdn.jsdelivr.net/gh/dimisa-RUAdList/RUAdListCDN@main/lists/ruadlist.ubo.min.txt
    version_control:
      repo: dimisa-RUAdList/RUAdListCDN
      files: [
        lists/ruadlist.ubo.min.txt
      ]

  - name: spa-0
    aliases: ['🇪🇸es 🇦🇷ar 🇲🇽mx 🇨🇴co: EasyList Spanish']
    url: https://easylist-downloads.adblockplus.org/easylistspanish.txt
    version_control:
      repo: thedoggybrad/easylist-mirror
      branch: main
      files: [
        easylistspanish.txt
      ]

  - name: spa-1
    aliases: ['🇪🇸es 🇦🇷ar 🇧🇷br 🇵🇹pt: AdGuard Spanish/Portuguese']
    url: https://filters.adtidy.org/extension/ublock/filters/9.txt
    version_control:
      repo: AdguardTeam/FiltersRegistry
      files: [
        platforms/extension/ublock/filters/9.txt
      ]

  - name: SVN-0
    aliases: ['🇸🇮si: Slovenian List']
    url: https://raw.githubusercontent.com/betterwebleon/slovenian-list/master/filters.txt
    

  - name: SWE-1
    aliases: ["🇸🇪se: Frellwit's Swedish Filter"]
    url: https://raw.githubusercontent.com/lassekongo83/Frellwits-filter-lists/swefilter/swefilter.min.txt
    

  - name: THA-0
    aliases: ['🇹🇭th: EasyList Thailand']
    url: https://raw.githubusercontent.com/easylist-thailand/easylist-thailand/master/subscription/easylist-thailand.txt
    

  - name: TUR-0
    aliases: ['🇹🇷tr: AdGuard Turkish']
    url: https://filters.adtidy.org/extension/ublock/filters/13.txt
    version_control:
      repo: AdguardTeam/FiltersRegistry
      files: [
        platforms/extension/ublock/filters/13.txt
      ]

  - name: VIE-1
    aliases: ['🇻🇳vn: ABPVN List']
    url: https://raw.githubusercontent.com/abpvn/abpvn/master/filter/abpvn_ublock.txt


default:
  - ublock-filters
  - easylist
  - easyprivacy
  - urlhaus-1
  - plowe-0
